
Microsoft Visual Studio Solution File, Format Version 12.00
# Visual Studio Version 17
VisualStudioVersion = 17.7.34202.233
MinimumVisualStudioVersion = 10.0.40219.1
Project("{FAE04EC0-301F-11D3-BF4B-00C04F79EFBC}") = "ShopTest", "ShopTest\ShopTest.csproj", "{30756A18-7B93-42FF-B2D6-8C3CDEDB4421}"
EndProject
Global
	GlobalSection(SolutionConfigurationPlatforms) = preSolution
		Debug|Any CPU = Debug|Any CPU
		Release|Any CPU = Release|Any CPU
	EndGlobalSection
	GlobalSection(ProjectConfigurationPlatforms) = postSolution
		{30756A18-7B93-42FF-B2D6-8C3CDEDB4421}.Debug|Any CPU.ActiveCfg = Debug|Any CPU
		{30756A18-7B93-42FF-B2D6-8C3CDEDB4421}.Debug|Any CPU.Build.0 = Debug|Any CPU
		{30756A18-7B93-42FF-B2D6-8C3CDEDB4421}.Release|Any CPU.ActiveCfg = Release|Any CPU
		{30756A18-7B93-42FF-B2D6-8C3CDEDB4421}.Release|Any CPU.Build.0 = Release|Any CPU
	EndGlobalSection
	GlobalSection(SolutionProperties) = preSolution
		HideSolutionNode = FALSE
	EndGlobalSection
	GlobalSection(ExtensibilityGlobals) = postSolution
		SolutionGuid = {6CD57AD0-052E-4694-BB20-27DEB56EAB8E}
	EndGlobalSection
EndGlobal
